
Microsoft Visual Studio Solution File, Format Version 12.00
# Visual Studio 15
VisualStudioVersion = 15.0.28307.852
MinimumVisualStudioVersion = 10.0.40219.1
Project("{9A19103F-16F7-4668-BE54-9A1E7A4F7556}") = "NHProcessing", "NHProcessing\NHProcessing.csproj", "{D5D0A660-F6F1-41CD-B4AE-FB25FCFEA141}"
EndProject
Global
	GlobalSection(SolutionConfigurationPlatforms) = preSolution
		Debug|Any CPU = Debug|Any CPU
		Release|Any CPU = Release|Any CPU
	EndGlobalSection
	GlobalSection(ProjectConfigurationPlatforms) = postSolution
		{D5D0A660-F6F1-41CD-B4AE-FB25FCFEA141}.Debug|Any CPU.ActiveCfg = Debug|Any CPU
		{D5D0A660-F6F1-41CD-B4AE-FB25FCFEA141}.Debug|Any CPU.Build.0 = Debug|Any CPU
		{D5D0A660-F6F1-41CD-B4AE-FB25FCFEA141}.Release|Any CPU.ActiveCfg = Release|Any CPU
		{D5D0A660-F6F1-41CD-B4AE-FB25FCFEA141}.Release|Any CPU.Build.0 = Release|Any CPU
	EndGlobalSection
	GlobalSection(SolutionProperties) = preSolution
		HideSolutionNode = FALSE
	EndGlobalSection
	GlobalSection(ExtensibilityGlobals) = postSolution
		SolutionGuid = {C75F525B-89F3-496C-8ACA-8A83A6E888DD}
	EndGlobalSection
	GlobalSection(TeamFoundationVersionControl) = preSolution
		SccNumberOfProjects = 2
		SccEnterpriseProvider = {4CA58AB2-18FA-4F8D-95D4-32DDF27D184C}
		SccTeamFoundationServer = https://agn-sharepoint.visualstudio.com/
		SccLocalPath0 = .
		SccProjectUniqueName1 = NHProcessing\\NHProcessing.csproj
		SccProjectName1 = NHProcessing
		SccLocalPath1 = NHProcessing
	EndGlobalSection
EndGlobal
